// !$*UTF8*$!
{
	archiveVersion = 1;
	classes = {
	};
	objectVersion = 55;
	objects = {

/* Begin PBXBuildFile section */
		88F63D51AE0F3807E6D56AC9 /* Pods_Instagram.framework in Frameworks */ = {isa = PBXBuildFile; fileRef = F99063F990CCCB529F8209C0 /* Pods_Instagram.framework */; };
		8E63D2FD28521B30004402CD /* IGFeedPostTableViewCell.swift in Sources */ = {isa = PBXBuildFile; fileRef = 8E63D2FC28521B30004402CD /* IGFeedPostTableViewCell.swift */; };
		8E63D2FF28521D59004402CD /* IGFeedPostHeaderTableViewCell.swift in Sources */ = {isa = PBXBuildFile; fileRef = 8E63D2FE28521D58004402CD /* IGFeedPostHeaderTableViewCell.swift */; };
		8E63D30228521DAC004402CD /* IGFeedPostActionTableViewCell.swift in Sources */ = {isa = PBXBuildFile; fileRef = 8E63D30128521DAC004402CD /* IGFeedPostActionTableViewCell.swift */; };
		8E63D30428521DDD004402CD /* IGFeedGeneralTableViewCell.swift in Sources */ = {isa = PBXBuildFile; fileRef = 8E63D30328521DDD004402CD /* IGFeedGeneralTableViewCell.swift */; };
		8E67EA03285363BC00F9E31A /* FormTableViewCell.swift in Sources */ = {isa = PBXBuildFile; fileRef = 8E67EA02285363BC00F9E31A /* FormTableViewCell.swift */; };
		8E67EA06285381C600F9E31A /* PhotoCollectionViewCell.swift in Sources */ = {isa = PBXBuildFile; fileRef = 8E67EA05285381C600F9E31A /* PhotoCollectionViewCell.swift */; };
		8E67EA082853824A00F9E31A /* ProfileInfoHeaderCollectionReusableView.swift in Sources */ = {isa = PBXBuildFile; fileRef = 8E67EA072853824A00F9E31A /* ProfileInfoHeaderCollectionReusableView.swift */; };
		8E67EA0B285382BF00F9E31A /* ProfileITabsCollectionReusableView.swift in Sources */ = {isa = PBXBuildFile; fileRef = 8E67EA0A285382BF00F9E31A /* ProfileITabsCollectionReusableView.swift */; };
		8E9143A7284F700500BAD550 /* DataBase.swift in Sources */ = {isa = PBXBuildFile; fileRef = 8E9143A6284F700500BAD550 /* DataBase.swift */; };
		8E9143A9284F718600BAD550 /* AuthManager.swift in Sources */ = {isa = PBXBuildFile; fileRef = 8E9143A8284F718600BAD550 /* AuthManager.swift */; };
		8E9143AB284F71E100BAD550 /* StorageManager.swift in Sources */ = {isa = PBXBuildFile; fileRef = 8E9143AA284F71E100BAD550 /* StorageManager.swift */; };
		8EA426CF2858744D00EA808F /* GoogleService-Info.plist in Resources */ = {isa = PBXBuildFile; fileRef = 8EA426CE2858744D00EA808F /* GoogleService-Info.plist */; };
		8EACC3E4284F292B003AC625 /* AppDelegate.swift in Sources */ = {isa = PBXBuildFile; fileRef = 8EACC3E3284F292B003AC625 /* AppDelegate.swift */; };
		8EACC3E6284F292B003AC625 /* SceneDelegate.swift in Sources */ = {isa = PBXBuildFile; fileRef = 8EACC3E5284F292B003AC625 /* SceneDelegate.swift */; };
		8EACC3E8284F292B003AC625 /* HomeViewController.swift in Sources */ = {isa = PBXBuildFile; fileRef = 8EACC3E7284F292B003AC625 /* HomeViewController.swift */; };
		8EACC3EB284F292B003AC625 /* Main.storyboard in Resources */ = {isa = PBXBuildFile; fileRef = 8EACC3E9284F292B003AC625 /* Main.storyboard */; };
		8EACC3ED284F292D003AC625 /* Assets.xcassets in Resources */ = {isa = PBXBuildFile; fileRef = 8EACC3EC284F292D003AC625 /* Assets.xcassets */; };
		8EACC3F0284F292D003AC625 /* LaunchScreen.storyboard in Resources */ = {isa = PBXBuildFile; fileRef = 8EACC3EE284F292D003AC625 /* LaunchScreen.storyboard */; };
		8EACC423284F30F6003AC625 /* LoginViewController.swift in Sources */ = {isa = PBXBuildFile; fileRef = 8EACC422284F30F6003AC625 /* LoginViewController.swift */; };
		8EACC425284F3107003AC625 /* RegisterViewController.swift in Sources */ = {isa = PBXBuildFile; fileRef = 8EACC424284F3107003AC625 /* RegisterViewController.swift */; };
		8EACC427284F3123003AC625 /* PostViewController.swift in Sources */ = {isa = PBXBuildFile; fileRef = 8EACC426284F3123003AC625 /* PostViewController.swift */; };
		8EACC429284F313E003AC625 /* EditProfileViewController.swift in Sources */ = {isa = PBXBuildFile; fileRef = 8EACC428284F313E003AC625 /* EditProfileViewController.swift */; };
		8EACC42B284F3159003AC625 /* SettingsViewController.swift in Sources */ = {isa = PBXBuildFile; fileRef = 8EACC42A284F3159003AC625 /* SettingsViewController.swift */; };
		8EACC42D284F31C9003AC625 /* ListViewController.swift in Sources */ = {isa = PBXBuildFile; fileRef = 8EACC42C284F31C9003AC625 /* ListViewController.swift */; };
		8EACC42F284F31ED003AC625 /* SearchViewController.swift in Sources */ = {isa = PBXBuildFile; fileRef = 8EACC42E284F31ED003AC625 /* SearchViewController.swift */; };
		8EACC431284F31FF003AC625 /* SearchResultViewController.swift in Sources */ = {isa = PBXBuildFile; fileRef = 8EACC430284F31FF003AC625 /* SearchResultViewController.swift */; };
		8EACC433284F3211003AC625 /* PostEditorViewController.swift in Sources */ = {isa = PBXBuildFile; fileRef = 8EACC432284F3211003AC625 /* PostEditorViewController.swift */; };
		8EACC435284F3221003AC625 /* PublishPostViewController.swift in Sources */ = {isa = PBXBuildFile; fileRef = 8EACC434284F3221003AC625 /* PublishPostViewController.swift */; };
		8EACC437284F3242003AC625 /* ExploreViewController.swift in Sources */ = {isa = PBXBuildFile; fileRef = 8EACC436284F3242003AC625 /* ExploreViewController.swift */; };
		8EACC439284F325B003AC625 /* CameraViewController.swift in Sources */ = {isa = PBXBuildFile; fileRef = 8EACC438284F325B003AC625 /* CameraViewController.swift */; };
		8EACC43B284F326B003AC625 /* NotificationViewController.swift in Sources */ = {isa = PBXBuildFile; fileRef = 8EACC43A284F326B003AC625 /* NotificationViewController.swift */; };
		8EACC43D284F3279003AC625 /* ProfileViewController.swift in Sources */ = {isa = PBXBuildFile; fileRef = 8EACC43C284F3279003AC625 /* ProfileViewController.swift */; };
		8EC17A16284F7A090049E6D1 /* Extention.swift in Sources */ = {isa = PBXBuildFile; fileRef = 8EC17A15284F7A090049E6D1 /* Extention.swift */; };
		8EE8A65128573DBA00E90B7C /* Models.swift in Sources */ = {isa = PBXBuildFile; fileRef = 8EE8A65028573DBA00E90B7C /* Models.swift */; };
/* End PBXBuildFile section */

/* Begin PBXFileReference section */
		0863D806396E225B182E622B /* Pods-Instagram.debug.xcconfig */ = {isa = PBXFileReference; includeInIndex = 1; lastKnownFileType = text.xcconfig; name = "Pods-Instagram.debug.xcconfig"; path = "Target Support Files/Pods-Instagram/Pods-Instagram.debug.xcconfig"; sourceTree = "<group>"; };
		576C2DC80E667BABE6B00B95 /* Pods-Instagram.release.xcconfig */ = {isa = PBXFileReference; includeInIndex = 1; lastKnownFileType = text.xcconfig; name = "Pods-Instagram.release.xcconfig"; path = "Target Support Files/Pods-Instagram/Pods-Instagram.release.xcconfig"; sourceTree = "<group>"; };
		8E63D2FC28521B30004402CD /* IGFeedPostTableViewCell.swift */ = {isa = PBXFileReference; lastKnownFileType = sourcecode.swift; path = IGFeedPostTableViewCell.swift; sourceTree = "<group>"; };
		8E63D2FE28521D58004402CD /* IGFeedPostHeaderTableViewCell.swift */ = {isa = PBXFileReference; lastKnownFileType = sourcecode.swift; path = IGFeedPostHeaderTableViewCell.swift; sourceTree = "<group>"; };
		8E63D30128521DAC004402CD /* IGFeedPostActionTableViewCell.swift */ = {isa = PBXFileReference; lastKnownFileType = sourcecode.swift; path = IGFeedPostActionTableViewCell.swift; sourceTree = "<group>"; };
		8E63D30328521DDD004402CD /* IGFeedGeneralTableViewCell.swift */ = {isa = PBXFileReference; lastKnownFileType = sourcecode.swift; path = IGFeedGeneralTableViewCell.swift; sourceTree = "<group>"; };
		8E67EA02285363BC00F9E31A /* FormTableViewCell.swift */ = {isa = PBXFileReference; lastKnownFileType = sourcecode.swift; path = FormTableViewCell.swift; sourceTree = "<group>"; };
		8E67EA05285381C600F9E31A /* PhotoCollectionViewCell.swift */ = {isa = PBXFileReference; lastKnownFileType = sourcecode.swift; path = PhotoCollectionViewCell.swift; sourceTree = "<group>"; };
		8E67EA072853824A00F9E31A /* ProfileInfoHeaderCollectionReusableView.swift */ = {isa = PBXFileReference; lastKnownFileType = sourcecode.swift; path = ProfileInfoHeaderCollectionReusableView.swift; sourceTree = "<group>"; };
		8E67EA0A285382BF00F9E31A /* ProfileITabsCollectionReusableView.swift */ = {isa = PBXFileReference; lastKnownFileType = sourcecode.swift; path = ProfileITabsCollectionReusableView.swift; sourceTree = "<group>"; };
		8E9143A4284F51C900BAD550 /* GoogleService-Info.plist */ = {isa = PBXFileReference; lastKnownFileType = text.plist.xml; path = "GoogleService-Info.plist"; sourceTree = "<group>"; };
		8E9143A6284F700500BAD550 /* DataBase.swift */ = {isa = PBXFileReference; lastKnownFileType = sourcecode.swift; path = DataBase.swift; sourceTree = "<group>"; };
		8E9143A8284F718600BAD550 /* AuthManager.swift */ = {isa = PBXFileReference; lastKnownFileType = sourcecode.swift; path = AuthManager.swift; sourceTree = "<group>"; };
		8E9143AA284F71E100BAD550 /* StorageManager.swift */ = {isa = PBXFileReference; lastKnownFileType = sourcecode.swift; path = StorageManager.swift; sourceTree = "<group>"; };
		8EA426CE2858744D00EA808F /* GoogleService-Info.plist */ = {isa = PBXFileReference; fileEncoding = 4; lastKnownFileType = text.plist.xml; name = "GoogleService-Info.plist"; path = "../../Downloads/GoogleService-Info.plist"; sourceTree = "<group>"; };
		8EACC3E0284F292B003AC625 /* Instagram.app */ = {isa = PBXFileReference; explicitFileType = wrapper.application; includeInIndex = 0; path = Instagram.app; sourceTree = BUILT_PRODUCTS_DIR; };
		8EACC3E3284F292B003AC625 /* AppDelegate.swift */ = {isa = PBXFileReference; lastKnownFileType = sourcecode.swift; path = AppDelegate.swift; sourceTree = "<group>"; };
		8EACC3E5284F292B003AC625 /* SceneDelegate.swift */ = {isa = PBXFileReference; lastKnownFileType = sourcecode.swift; path = SceneDelegate.swift; sourceTree = "<group>"; };
		8EACC3E7284F292B003AC625 /* HomeViewController.swift */ = {isa = PBXFileReference; lastKnownFileType = sourcecode.swift; path = HomeViewController.swift; sourceTree = "<group>"; };
		8EACC3EA284F292B003AC625 /* Base */ = {isa = PBXFileReference; lastKnownFileType = file.storyboard; name = Base; path = Base.lproj/Main.storyboard; sourceTree = "<group>"; };
		8EACC3EC284F292D003AC625 /* Assets.xcassets */ = {isa = PBXFileReference; lastKnownFileType = folder.assetcatalog; path = Assets.xcassets; sourceTree = "<group>"; };
		8EACC3EF284F292D003AC625 /* Base */ = {isa = PBXFileReference; lastKnownFileType = file.storyboard; name = Base; path = Base.lproj/LaunchScreen.storyboard; sourceTree = "<group>"; };
		8EACC3F1284F292D003AC625 /* Info.plist */ = {isa = PBXFileReference; lastKnownFileType = text.plist.xml; path = Info.plist; sourceTree = "<group>"; };
		8EACC422284F30F6003AC625 /* LoginViewController.swift */ = {isa = PBXFileReference; lastKnownFileType = sourcecode.swift; path = LoginViewController.swift; sourceTree = "<group>"; };
		8EACC424284F3107003AC625 /* RegisterViewController.swift */ = {isa = PBXFileReference; lastKnownFileType = sourcecode.swift; path = RegisterViewController.swift; sourceTree = "<group>"; };
		8EACC426284F3123003AC625 /* PostViewController.swift */ = {isa = PBXFileReference; lastKnownFileType = sourcecode.swift; path = PostViewController.swift; sourceTree = "<group>"; };
		8EACC428284F313E003AC625 /* EditProfileViewController.swift */ = {isa = PBXFileReference; lastKnownFileType = sourcecode.swift; path = EditProfileViewController.swift; sourceTree = "<group>"; };
		8EACC42A284F3159003AC625 /* SettingsViewController.swift */ = {isa = PBXFileReference; lastKnownFileType = sourcecode.swift; path = SettingsViewController.swift; sourceTree = "<group>"; };
		8EACC42C284F31C9003AC625 /* ListViewController.swift */ = {isa = PBXFileReference; lastKnownFileType = sourcecode.swift; path = ListViewController.swift; sourceTree = "<group>"; };
		8EACC42E284F31ED003AC625 /* SearchViewController.swift */ = {isa = PBXFileReference; lastKnownFileType = sourcecode.swift; path = SearchViewController.swift; sourceTree = "<group>"; };
		8EACC430284F31FF003AC625 /* SearchResultViewController.swift */ = {isa = PBXFileReference; lastKnownFileType = sourcecode.swift; path = SearchResultViewController.swift; sourceTree = "<group>"; };
		8EACC432284F3211003AC625 /* PostEditorViewController.swift */ = {isa = PBXFileReference; lastKnownFileType = sourcecode.swift; path = PostEditorViewController.swift; sourceTree = "<group>"; };
		8EACC434284F3221003AC625 /* PublishPostViewController.swift */ = {isa = PBXFileReference; lastKnownFileType = sourcecode.swift; path = PublishPostViewController.swift; sourceTree = "<group>"; };
		8EACC436284F3242003AC625 /* ExploreViewController.swift */ = {isa = PBXFileReference; lastKnownFileType = sourcecode.swift; path = ExploreViewController.swift; sourceTree = "<group>"; };
		8EACC438284F325B003AC625 /* CameraViewController.swift */ = {isa = PBXFileReference; lastKnownFileType = sourcecode.swift; path = CameraViewController.swift; sourceTree = "<group>"; };
		8EACC43A284F326B003AC625 /* NotificationViewController.swift */ = {isa = PBXFileReference; lastKnownFileType = sourcecode.swift; path = NotificationViewController.swift; sourceTree = "<group>"; };
		8EACC43C284F3279003AC625 /* ProfileViewController.swift */ = {isa = PBXFileReference; lastKnownFileType = sourcecode.swift; path = ProfileViewController.swift; sourceTree = "<group>"; };
		8EC17A15284F7A090049E6D1 /* Extention.swift */ = {isa = PBXFileReference; lastKnownFileType = sourcecode.swift; path = Extention.swift; sourceTree = "<group>"; };
		8EE8A65028573DBA00E90B7C /* Models.swift */ = {isa = PBXFileReference; lastKnownFileType = sourcecode.swift; path = Models.swift; sourceTree = "<group>"; };
		F99063F990CCCB529F8209C0 /* Pods_Instagram.framework */ = {isa = PBXFileReference; explicitFileType = wrapper.framework; includeInIndex = 0; path = Pods_Instagram.framework; sourceTree = BUILT_PRODUCTS_DIR; };
/* End PBXFileReference section */

/* Begin PBXFrameworksBuildPhase section */
		8EACC3DD284F292B003AC625 /* Frameworks */ = {
			isa = PBXFrameworksBuildPhase;
			buildActionMask = 2147483647;
			files = (
				88F63D51AE0F3807E6D56AC9 /* Pods_Instagram.framework in Frameworks */,
			);
			runOnlyForDeploymentPostprocessing = 0;
		};
/* End PBXFrameworksBuildPhase section */

/* Begin PBXGroup section */
		3D4DE8328768DC5EDA7021DE /* Frameworks */ = {
			isa = PBXGroup;
			children = (
				F99063F990CCCB529F8209C0 /* Pods_Instagram.framework */,
			);
			name = Frameworks;
			sourceTree = "<group>";
		};
		8E63D2FB28521B05004402CD /* Cells */ = {
			isa = PBXGroup;
			children = (
				8E67EA02285363BC00F9E31A /* FormTableViewCell.swift */,
				8E67EA05285381C600F9E31A /* PhotoCollectionViewCell.swift */,
				8E63D30028521D61004402CD /* Home */,
			);
			path = Cells;
			sourceTree = "<group>";
		};
		8E63D30028521D61004402CD /* Home */ = {
			isa = PBXGroup;
			children = (
				8E63D2FC28521B30004402CD /* IGFeedPostTableViewCell.swift */,
				8E63D2FE28521D58004402CD /* IGFeedPostHeaderTableViewCell.swift */,
				8E63D30128521DAC004402CD /* IGFeedPostActionTableViewCell.swift */,
				8E63D30328521DDD004402CD /* IGFeedGeneralTableViewCell.swift */,
			);
			path = Home;
			sourceTree = "<group>";
		};
		8E67EA042853814E00F9E31A /* CollectionView Headers */ = {
			isa = PBXGroup;
			children = (
				8E67EA072853824A00F9E31A /* ProfileInfoHeaderCollectionReusableView.swift */,
				8E67EA0A285382BF00F9E31A /* ProfileITabsCollectionReusableView.swift */,
			);
			path = "CollectionView Headers";
			sourceTree = "<group>";
		};
		8E9143A5284F6EB200BAD550 /* General */ = {
			isa = PBXGroup;
			children = (
				8EACC42A284F3159003AC625 /* SettingsViewController.swift */,
				8EACC426284F3123003AC625 /* PostViewController.swift */,
				8EACC428284F313E003AC625 /* EditProfileViewController.swift */,
				8EACC42C284F31C9003AC625 /* ListViewController.swift */,
				8EACC42E284F31ED003AC625 /* SearchViewController.swift */,
				8EACC430284F31FF003AC625 /* SearchResultViewController.swift */,
				8EACC432284F3211003AC625 /* PostEditorViewController.swift */,
				8EACC434284F3221003AC625 /* PublishPostViewController.swift */,
			);
			path = General;
			sourceTree = "<group>";
		};
		8EACC3D7284F292B003AC625 = {
			isa = PBXGroup;
			children = (
				8EACC3E2284F292B003AC625 /* Instagram */,
				8EACC3E1284F292B003AC625 /* Products */,
				FB4B4F3DDFD4F3CD38BE8D99 /* Pods */,
				3D4DE8328768DC5EDA7021DE /* Frameworks */,
			);
			sourceTree = "<group>";
		};
		8EACC3E1284F292B003AC625 /* Products */ = {
			isa = PBXGroup;
			children = (
				8EACC3E0284F292B003AC625 /* Instagram.app */,
			);
			name = Products;
			sourceTree = "<group>";
		};
		8EACC3E2284F292B003AC625 /* Instagram */ = {
			isa = PBXGroup;
			children = (
				8EACC3FA284F29E3003AC625 /* Resources */,
				8EACC3F9284F29DA003AC625 /* Models */,
				8EACC3F8284F29CB003AC625 /* Views */,
				8EACC3F7284F2986003AC625 /* Controllers */,
				8EACC3F1284F292D003AC625 /* Info.plist */,
				8EA426CE2858744D00EA808F /* GoogleService-Info.plist */,
			);
			path = Instagram;
			sourceTree = "<group>";
		};
		8EACC3F7284F2986003AC625 /* Controllers */ = {
			isa = PBXGroup;
			children = (
				8EACC405284F2C5A003AC625 /* Other */,
				8EACC404284F2BD2003AC625 /* Core Tabs */,
			);
			path = Controllers;
			sourceTree = "<group>";
		};
		8EACC3F8284F29CB003AC625 /* Views */ = {
			isa = PBXGroup;
			children = (
				8E67EA042853814E00F9E31A /* CollectionView Headers */,
				8E63D2FB28521B05004402CD /* Cells */,
				8EACC3EC284F292D003AC625 /* Assets.xcassets */,
				8EACC3FB284F2A89003AC625 /* Storyboard */,
			);
			path = Views;
			sourceTree = "<group>";
		};
		8EACC3F9284F29DA003AC625 /* Models */ = {
			isa = PBXGroup;
			children = (
				8EE8A65028573DBA00E90B7C /* Models.swift */,
			);
			path = Models;
			sourceTree = "<group>";
		};
		8EACC3FA284F29E3003AC625 /* Resources */ = {
			isa = PBXGroup;
			children = (
				8EACC3E5284F292B003AC625 /* SceneDelegate.swift */,
				8EACC3E3284F292B003AC625 /* AppDelegate.swift */,
				8E9143A4284F51C900BAD550 /* GoogleService-Info.plist */,
				8E9143A6284F700500BAD550 /* DataBase.swift */,
				8E9143A8284F718600BAD550 /* AuthManager.swift */,
				8E9143AA284F71E100BAD550 /* StorageManager.swift */,
				8EC17A15284F7A090049E6D1 /* Extention.swift */,
			);
			path = Resources;
			sourceTree = "<group>";
		};
		8EACC3FB284F2A89003AC625 /* Storyboard */ = {
			isa = PBXGroup;
			children = (
				8EACC3E9284F292B003AC625 /* Main.storyboard */,
				8EACC3EE284F292D003AC625 /* LaunchScreen.storyboard */,
			);
			path = Storyboard;
			sourceTree = "<group>";
		};
		8EACC404284F2BD2003AC625 /* Core Tabs */ = {
			isa = PBXGroup;
			children = (
				8EACC3E7284F292B003AC625 /* HomeViewController.swift */,
				8EACC436284F3242003AC625 /* ExploreViewController.swift */,
				8EACC438284F325B003AC625 /* CameraViewController.swift */,
				8EACC43A284F326B003AC625 /* NotificationViewController.swift */,
				8EACC43C284F3279003AC625 /* ProfileViewController.swift */,
			);
			path = "Core Tabs";
			sourceTree = "<group>";
		};
		8EACC405284F2C5A003AC625 /* Other */ = {
			isa = PBXGroup;
			children = (
				8E9143A5284F6EB200BAD550 /* General */,
				8EACC406284F2C79003AC625 /* Onboarding */,
			);
			path = Other;
			sourceTree = "<group>";
		};
		8EACC406284F2C79003AC625 /* Onboarding */ = {
			isa = PBXGroup;
			children = (
				8EACC422284F30F6003AC625 /* LoginViewController.swift */,
				8EACC424284F3107003AC625 /* RegisterViewController.swift */,
			);
			path = Onboarding;
			sourceTree = "<group>";
		};
		FB4B4F3DDFD4F3CD38BE8D99 /* Pods */ = {
			isa = PBXGroup;
			children = (
				0863D806396E225B182E622B /* Pods-Instagram.debug.xcconfig */,
				576C2DC80E667BABE6B00B95 /* Pods-Instagram.release.xcconfig */,
			);
			path = Pods;
			sourceTree = "<group>";
		};
/* End PBXGroup section */

/* Begin PBXNativeTarget section */
		8EACC3DF284F292B003AC625 /* Instagram */ = {
			isa = PBXNativeTarget;
			buildConfigurationList = 8EACC3F4284F292D003AC625 /* Build configuration list for PBXNativeTarget "Instagram" */;
			buildPhases = (
				95F4D9BD28B3148161DFEDB5 /* [CP] Check Pods Manifest.lock */,
				8EACC3DC284F292B003AC625 /* Sources */,
				8EACC3DD284F292B003AC625 /* Frameworks */,
				8EACC3DE284F292B003AC625 /* Resources */,
				A868B25A5D15F8A47EABF1A3 /* [CP] Embed Pods Frameworks */,
			);
			buildRules = (
			);
			dependencies = (
			);
			name = Instagram;
			productName = Instagram;
			productReference = 8EACC3E0284F292B003AC625 /* Instagram.app */;
			productType = "com.apple.product-type.application";
		};
/* End PBXNativeTarget section */

/* Begin PBXProject section */
		8EACC3D8284F292B003AC625 /* Project object */ = {
			isa = PBXProject;
			attributes = {
				BuildIndependentTargetsInParallel = 1;
				LastSwiftUpdateCheck = 1340;
				LastUpgradeCheck = 1340;
				TargetAttributes = {
					8EACC3DF284F292B003AC625 = {
						CreatedOnToolsVersion = 13.4.1;
					};
				};
			};
			buildConfigurationList = 8EACC3DB284F292B003AC625 /* Build configuration list for PBXProject "Instagram" */;
			compatibilityVersion = "Xcode 13.0";
			developmentRegion = en;
			hasScannedForEncodings = 0;
			knownRegions = (
				en,
				Base,
			);
			mainGroup = 8EACC3D7284F292B003AC625;
			productRefGroup = 8EACC3E1284F292B003AC625 /* Products */;
			projectDirPath = "";
			projectRoot = "";
			targets = (
				8EACC3DF284F292B003AC625 /* Instagram */,
			);
		};
/* End PBXProject section */

/* Begin PBXResourcesBuildPhase section */
		8EACC3DE284F292B003AC625 /* Resources */ = {
			isa = PBXResourcesBuildPhase;
			buildActionMask = 2147483647;
			files = (
				8EACC3F0284F292D003AC625 /* LaunchScreen.storyboard in Resources */,
				8EA426CF2858744D00EA808F /* GoogleService-Info.plist in Resources */,
				8EACC3ED284F292D003AC625 /* Assets.xcassets in Resources */,
				8EACC3EB284F292B003AC625 /* Main.storyboard in Resources */,
			);
			runOnlyForDeploymentPostprocessing = 0;
		};
/* End PBXResourcesBuildPhase section */

/* Begin PBXShellScriptBuildPhase section */
		95F4D9BD28B3148161DFEDB5 /* [CP] Check Pods Manifest.lock */ = {
			isa = PBXShellScriptBuildPhase;
			buildActionMask = 2147483647;
			files = (
			);
			inputFileListPaths = (
			);
			inputPaths = (
				"${PODS_PODFILE_DIR_PATH}/Podfile.lock",
				"${PODS_ROOT}/Manifest.lock",
			);
			name = "[CP] Check Pods Manifest.lock";
			outputFileListPaths = (
			);
			outputPaths = (
				"$(DERIVED_FILE_DIR)/Pods-Instagram-checkManifestLockResult.txt",
			);
			runOnlyForDeploymentPostprocessing = 0;
			shellPath = /bin/sh;
			shellScript = "diff \"${PODS_PODFILE_DIR_PATH}/Podfile.lock\" \"${PODS_ROOT}/Manifest.lock\" > /dev/null\nif [ $? != 0 ] ; then\n    # print error to STDERR\n    echo \"error: The sandbox is not in sync with the Podfile.lock. Run 'pod install' or update your CocoaPods installation.\" >&2\n    exit 1\nfi\n# This output is used by Xcode 'outputs' to avoid re-running this script phase.\necho \"SUCCESS\" > \"${SCRIPT_OUTPUT_FILE_0}\"\n";
			showEnvVarsInLog = 0;
		};
		A868B25A5D15F8A47EABF1A3 /* [CP] Embed Pods Frameworks */ = {
			isa = PBXShellScriptBuildPhase;
			buildActionMask = 2147483647;
			files = (
			);
			inputFileListPaths = (
				"${PODS_ROOT}/Target Support Files/Pods-Instagram/Pods-Instagram-frameworks-${CONFIGURATION}-input-files.xcfilelist",
			);
			name = "[CP] Embed Pods Frameworks";
			outputFileListPaths = (
				"${PODS_ROOT}/Target Support Files/Pods-Instagram/Pods-Instagram-frameworks-${CONFIGURATION}-output-files.xcfilelist",
			);
			runOnlyForDeploymentPostprocessing = 0;
			shellPath = /bin/sh;
			shellScript = "\"${PODS_ROOT}/Target Support Files/Pods-Instagram/Pods-Instagram-frameworks.sh\"\n";
			showEnvVarsInLog = 0;
		};
/* End PBXShellScriptBuildPhase section */

/* Begin PBXSourcesBuildPhase section */
		8EACC3DC284F292B003AC625 /* Sources */ = {
			isa = PBXSourcesBuildPhase;
			buildActionMask = 2147483647;
			files = (
				8EACC42F284F31ED003AC625 /* SearchViewController.swift in Sources */,
				8EACC427284F3123003AC625 /* PostViewController.swift in Sources */,
				8EACC3E8284F292B003AC625 /* HomeViewController.swift in Sources */,
				8EACC429284F313E003AC625 /* EditProfileViewController.swift in Sources */,
				8E9143A7284F700500BAD550 /* DataBase.swift in Sources */,
				8EACC435284F3221003AC625 /* PublishPostViewController.swift in Sources */,
				8E63D2FF28521D59004402CD /* IGFeedPostHeaderTableViewCell.swift in Sources */,
				8E63D30428521DDD004402CD /* IGFeedGeneralTableViewCell.swift in Sources */,
				8E67EA0B285382BF00F9E31A /* ProfileITabsCollectionReusableView.swift in Sources */,
				8EE8A65128573DBA00E90B7C /* Models.swift in Sources */,
				8EACC43D284F3279003AC625 /* ProfileViewController.swift in Sources */,
				8E67EA03285363BC00F9E31A /* FormTableViewCell.swift in Sources */,
				8E9143AB284F71E100BAD550 /* StorageManager.swift in Sources */,
				8E63D30228521DAC004402CD /* IGFeedPostActionTableViewCell.swift in Sources */,
				8EACC431284F31FF003AC625 /* SearchResultViewController.swift in Sources */,
				8EACC433284F3211003AC625 /* PostEditorViewController.swift in Sources */,
				8E67EA06285381C600F9E31A /* PhotoCollectionViewCell.swift in Sources */,
				8EACC3E4284F292B003AC625 /* AppDelegate.swift in Sources */,
				8E63D2FD28521B30004402CD /* IGFeedPostTableViewCell.swift in Sources */,
				8EACC42B284F3159003AC625 /* SettingsViewController.swift in Sources */,
				8EACC423284F30F6003AC625 /* LoginViewController.swift in Sources */,
				8EC17A16284F7A090049E6D1 /* Extention.swift in Sources */,
				8E67EA082853824A00F9E31A /* ProfileInfoHeaderCollectionReusableView.swift in Sources */,
				8EACC425284F3107003AC625 /* RegisterViewController.swift in Sources */,
				8EACC437284F3242003AC625 /* ExploreViewController.swift in Sources */,
				8E9143A9284F718600BAD550 /* AuthManager.swift in Sources */,
				8EACC43B284F326B003AC625 /* NotificationViewController.swift in Sources */,
				8EACC42D284F31C9003AC625 /* ListViewController.swift in Sources */,
				8EACC3E6284F292B003AC625 /* SceneDelegate.swift in Sources */,
				8EACC439284F325B003AC625 /* CameraViewController.swift in Sources */,
			);
			runOnlyForDeploymentPostprocessing = 0;
		};
/* End PBXSourcesBuildPhase section */

/* Begin PBXVariantGroup section */
		8EACC3E9284F292B003AC625 /* Main.storyboard */ = {
			isa = PBXVariantGroup;
			children = (
				8EACC3EA284F292B003AC625 /* Base */,
			);
			name = Main.storyboard;
			sourceTree = "<group>";
		};
		8EACC3EE284F292D003AC625 /* LaunchScreen.storyboard */ = {
			isa = PBXVariantGroup;
			children = (
				8EACC3EF284F292D003AC625 /* Base */,
			);
			name = LaunchScreen.storyboard;
			sourceTree = "<group>";
		};
/* End PBXVariantGroup section */

/* Begin XCBuildConfiguration section */
		8EACC3F2284F292D003AC625 /* Debug */ = {
			isa = XCBuildConfiguration;
			buildSettings = {
				ALWAYS_SEARCH_USER_PATHS = NO;
				CLANG_ANALYZER_NONNULL = YES;
				CLANG_ANALYZER_NUMBER_OBJECT_CONVERSION = YES_AGGRESSIVE;
				CLANG_CXX_LANGUAGE_STANDARD = "gnu++17";
				CLANG_ENABLE_MODULES = YES;
				CLANG_ENABLE_OBJC_ARC = YES;
				CLANG_ENABLE_OBJC_WEAK = YES;
				CLANG_WARN_BLOCK_CAPTURE_AUTORELEASING = YES;
				CLANG_WARN_BOOL_CONVERSION = YES;
				CLANG_WARN_COMMA = YES;
				CLANG_WARN_CONSTANT_CONVERSION = YES;
				CLANG_WARN_DEPRECATED_OBJC_IMPLEMENTATIONS = YES;
				CLANG_WARN_DIRECT_OBJC_ISA_USAGE = YES_ERROR;
				CLANG_WARN_DOCUMENTATION_COMMENTS = YES;
				CLANG_WARN_EMPTY_BODY = YES;
				CLANG_WARN_ENUM_CONVERSION = YES;
				CLANG_WARN_INFINITE_RECURSION = YES;
				CLANG_WARN_INT_CONVERSION = YES;
				CLANG_WARN_NON_LITERAL_NULL_CONVERSION = YES;
				CLANG_WARN_OBJC_IMPLICIT_RETAIN_SELF = YES;
				CLANG_WARN_OBJC_LITERAL_CONVERSION = YES;
				CLANG_WARN_OBJC_ROOT_CLASS = YES_ERROR;
				CLANG_WARN_QUOTED_INCLUDE_IN_FRAMEWORK_HEADER = YES;
				CLANG_WARN_RANGE_LOOP_ANALYSIS = YES;
				CLANG_WARN_STRICT_PROTOTYPES = YES;
				CLANG_WARN_SUSPICIOUS_MOVE = YES;
				CLANG_WARN_UNGUARDED_AVAILABILITY = YES_AGGRESSIVE;
				CLANG_WARN_UNREACHABLE_CODE = YES;
				CLANG_WARN__DUPLICATE_METHOD_MATCH = YES;
				COPY_PHASE_STRIP = NO;
				DEBUG_INFORMATION_FORMAT = dwarf;
				ENABLE_STRICT_OBJC_MSGSEND = YES;
				ENABLE_TESTABILITY = YES;
				GCC_C_LANGUAGE_STANDARD = gnu11;
				GCC_DYNAMIC_NO_PIC = NO;
				GCC_NO_COMMON_BLOCKS = YES;
				GCC_OPTIMIZATION_LEVEL = 0;
				GCC_PREPROCESSOR_DEFINITIONS = (
					"DEBUG=1",
					"$(inherited)",
				);
				GCC_WARN_64_TO_32_BIT_CONVERSION = YES;
				GCC_WARN_ABOUT_RETURN_TYPE = YES_ERROR;
				GCC_WARN_UNDECLARED_SELECTOR = YES;
				GCC_WARN_UNINITIALIZED_AUTOS = YES_AGGRESSIVE;
				GCC_WARN_UNUSED_FUNCTION = YES;
				GCC_WARN_UNUSED_VARIABLE = YES;
				IPHONEOS_DEPLOYMENT_TARGET = 15.5;
				MTL_ENABLE_DEBUG_INFO = INCLUDE_SOURCE;
				MTL_FAST_MATH = YES;
				ONLY_ACTIVE_ARCH = YES;
				SDKROOT = iphoneos;
				SWIFT_ACTIVE_COMPILATION_CONDITIONS = DEBUG;
				SWIFT_OPTIMIZATION_LEVEL = "-Onone";
			};
			name = Debug;
		};
		8EACC3F3284F292D003AC625 /* Release */ = {
			isa = XCBuildConfiguration;
			buildSettings = {
				ALWAYS_SEARCH_USER_PATHS = NO;
				CLANG_ANALYZER_NONNULL = YES;
				CLANG_ANALYZER_NUMBER_OBJECT_CONVERSION = YES_AGGRESSIVE;
				CLANG_CXX_LANGUAGE_STANDARD = "gnu++17";
				CLANG_ENABLE_MODULES = YES;
				CLANG_ENABLE_OBJC_ARC = YES;
				CLANG_ENABLE_OBJC_WEAK = YES;
				CLANG_WARN_BLOCK_CAPTURE_AUTORELEASING = YES;
				CLANG_WARN_BOOL_CONVERSION = YES;
				CLANG_WARN_COMMA = YES;
				CLANG_WARN_CONSTANT_CONVERSION = YES;
				CLANG_WARN_DEPRECATED_OBJC_IMPLEMENTATIONS = YES;
				CLANG_WARN_DIRECT_OBJC_ISA_USAGE = YES_ERROR;
				CLANG_WARN_DOCUMENTATION_COMMENTS = YES;
				CLANG_WARN_EMPTY_BODY = YES;
				CLANG_WARN_ENUM_CONVERSION = YES;
				CLANG_WARN_INFINITE_RECURSION = YES;
				CLANG_WARN_INT_CONVERSION = YES;
				CLANG_WARN_NON_LITERAL_NULL_CONVERSION = YES;
				CLANG_WARN_OBJC_IMPLICIT_RETAIN_SELF = YES;
				CLANG_WARN_OBJC_LITERAL_CONVERSION = YES;
				CLANG_WARN_OBJC_ROOT_CLASS = YES_ERROR;
				CLANG_WARN_QUOTED_INCLUDE_IN_FRAMEWORK_HEADER = YES;
				CLANG_WARN_RANGE_LOOP_ANALYSIS = YES;
				CLANG_WARN_STRICT_PROTOTYPES = YES;
				CLANG_WARN_SUSPICIOUS_MOVE = YES;
				CLANG_WARN_UNGUARDED_AVAILABILITY = YES_AGGRESSIVE;
				CLANG_WARN_UNREACHABLE_CODE = YES;
				CLANG_WARN__DUPLICATE_METHOD_MATCH = YES;
				COPY_PHASE_STRIP = NO;
				DEBUG_INFORMATION_FORMAT = "dwarf-with-dsym";
				ENABLE_NS_ASSERTIONS = NO;
				ENABLE_STRICT_OBJC_MSGSEND = YES;
				GCC_C_LANGUAGE_STANDARD = gnu11;
				GCC_NO_COMMON_BLOCKS = YES;
				GCC_WARN_64_TO_32_BIT_CONVERSION = YES;
				GCC_WARN_ABOUT_RETURN_TYPE = YES_ERROR;
				GCC_WARN_UNDECLARED_SELECTOR = YES;
				GCC_WARN_UNINITIALIZED_AUTOS = YES_AGGRESSIVE;
				GCC_WARN_UNUSED_FUNCTION = YES;
				GCC_WARN_UNUSED_VARIABLE = YES;
				IPHONEOS_DEPLOYMENT_TARGET = 15.5;
				MTL_ENABLE_DEBUG_INFO = NO;
				MTL_FAST_MATH = YES;
				ONLY_ACTIVE_ARCH = YES;
				SDKROOT = iphoneos;
				SWIFT_COMPILATION_MODE = wholemodule;
				SWIFT_OPTIMIZATION_LEVEL = "-O";
				VALIDATE_PRODUCT = YES;
			};
			name = Release;
		};
		8EACC3F5284F292D003AC625 /* Debug */ = {
			isa = XCBuildConfiguration;
			baseConfigurationReference = 0863D806396E225B182E622B /* Pods-Instagram.debug.xcconfig */;
			buildSettings = {
				ASSETCATALOG_COMPILER_APPICON_NAME = AppIcon;
				ASSETCATALOG_COMPILER_GLOBAL_ACCENT_COLOR_NAME = AccentColor;
				CODE_SIGN_STYLE = Automatic;
				CURRENT_PROJECT_VERSION = 1;
				DEVELOPMENT_TEAM = W7Y7LFP4T3;
				GENERATE_INFOPLIST_FILE = YES;
				INFOPLIST_FILE = Instagram/Info.plist;
				INFOPLIST_KEY_UIApplicationSupportsIndirectInputEvents = YES;
				INFOPLIST_KEY_UILaunchStoryboardName = LaunchScreen;
				INFOPLIST_KEY_UIMainStoryboardFile = Main;
				INFOPLIST_KEY_UISupportedInterfaceOrientations = "";
				INFOPLIST_KEY_UISupportedInterfaceOrientations_iPad = "UIInterfaceOrientationPortrait UIInterfaceOrientationPortraitUpsideDown UIInterfaceOrientationLandscapeLeft UIInterfaceOrientationLandscapeRight";
				INFOPLIST_KEY_UISupportedInterfaceOrientations_iPhone = "UIInterfaceOrientationPortrait UIInterfaceOrientationLandscapeLeft UIInterfaceOrientationLandscapeRight";
				IPHONEOS_DEPLOYMENT_TARGET = 13.0;
				LD_RUNPATH_SEARCH_PATHS = (
					"$(inherited)",
					"@executable_path/Frameworks",
				);
				MARKETING_VERSION = 1.0;
				PRODUCT_BUNDLE_IDENTIFIER = com.PesonalTes.Instagram;
				PRODUCT_NAME = "$(TARGET_NAME)";
				SWIFT_EMIT_LOC_STRINGS = YES;
				SWIFT_VERSION = 5.0;
				TARGETED_DEVICE_FAMILY = "1,2";
			};
			name = Debug;
		};
		8EACC3F6284F292D003AC625 /* Release */ = {
			isa = XCBuildConfiguration;
			baseConfigurationReference = 576C2DC80E667BABE6B00B95 /* Pods-Instagram.release.xcconfig */;
			buildSettings = {
				ASSETCATALOG_COMPILER_APPICON_NAME = AppIcon;
				ASSETCATALOG_COMPILER_GLOBAL_ACCENT_COLOR_NAME = AccentColor;
				CODE_SIGN_STYLE = Automatic;
				CURRENT_PROJECT_VERSION = 1;
				DEVELOPMENT_TEAM = W7Y7LFP4T3;
				GENERATE_INFOPLIST_FILE = YES;
				INFOPLIST_FILE = Instagram/Info.plist;
				INFOPLIST_KEY_UIApplicationSupportsIndirectInputEvents = YES;
				INFOPLIST_KEY_UILaunchStoryboardName = LaunchScreen;
				INFOPLIST_KEY_UIMainStoryboardFile = Main;
				INFOPLIST_KEY_UISupportedInterfaceOrientations = "";
				INFOPLIST_KEY_UISupportedInterfaceOrientations_iPad = "UIInterfaceOrientationPortrait UIInterfaceOrientationPortraitUpsideDown UIInterfaceOrientationLandscapeLeft UIInterfaceOrientationLandscapeRight";
				INFOPLIST_KEY_UISupportedInterfaceOrientations_iPhone = "UIInterfaceOrientationPortrait UIInterfaceOrientationLandscapeLeft UIInterfaceOrientationLandscapeRight";
				IPHONEOS_DEPLOYMENT_TARGET = 13.0;
				LD_RUNPATH_SEARCH_PATHS = (
					"$(inherited)",
					"@executable_path/Frameworks",
				);
				MARKETING_VERSION = 1.0;
				PRODUCT_BUNDLE_IDENTIFIER = com.PesonalTes.Instagram;
				PRODUCT_NAME = "$(TARGET_NAME)";
				SWIFT_EMIT_LOC_STRINGS = YES;
				SWIFT_VERSION = 5.0;
				TARGETED_DEVICE_FAMILY = "1,2";
			};
			name = Release;
		};
/* End XCBuildConfiguration section */

/* Begin XCConfigurationList section */
		8EACC3DB284F292B003AC625 /* Build configuration list for PBXProject "Instagram" */ = {
			isa = XCConfigurationList;
			buildConfigurations = (
				8EACC3F2284F292D003AC625 /* Debug */,
				8EACC3F3284F292D003AC625 /* Release */,
			);
			defaultConfigurationIsVisible = 0;
			defaultConfigurationName = Release;
		};
		8EACC3F4284F292D003AC625 /* Build configuration list for PBXNativeTarget "Instagram" */ = {
			isa = XCConfigurationList;
			buildConfigurations = (
				8EACC3F5284F292D003AC625 /* Debug */,
				8EACC3F6284F292D003AC625 /* Release */,
			);
			defaultConfigurationIsVisible = 0;
			defaultConfigurationName = Release;
		};
/* End XCConfigurationList section */
	};
	rootObject = 8EACC3D8284F292B003AC625 /* Project object */;
}
